
Microsoft Visual Studio Solution File, Format Version 12.00
# Visual Studio Version 17
VisualStudioVersion = 17.6.33829.357
MinimumVisualStudioVersion = 10.0.40219.1
Project("{FAE04EC0-301F-11D3-BF4B-00C04F79EFBC}") = "Hotels.Api", "Hotels.Api\Hotels.Api.csproj", "{3CE10425-3066-4BF8-B18C-40F23015681C}"
EndProject
Project("{FAE04EC0-301F-11D3-BF4B-00C04F79EFBC}") = "Hotels.Api.Core", "Hotels.Api.Core\Hotels.Api.Core.csproj", "{71B524C4-9361-4EF5-A089-1690ED192046}"
EndProject
Global
	GlobalSection(SolutionConfigurationPlatforms) = preSolution
		Debug|Any CPU = Debug|Any CPU
		Release|Any CPU = Release|Any CPU
	EndGlobalSection
	GlobalSection(ProjectConfigurationPlatforms) = postSolution
		{3CE10425-3066-4BF8-B18C-40F23015681C}.Debug|Any CPU.ActiveCfg = Debug|Any CPU
		{3CE10425-3066-4BF8-B18C-40F23015681C}.Debug|Any CPU.Build.0 = Debug|Any CPU
		{3CE10425-3066-4BF8-B18C-40F23015681C}.Release|Any CPU.ActiveCfg = Release|Any CPU
		{3CE10425-3066-4BF8-B18C-40F23015681C}.Release|Any CPU.Build.0 = Release|Any CPU
		{71B524C4-9361-4EF5-A089-1690ED192046}.Debug|Any CPU.ActiveCfg = Debug|Any CPU
		{71B524C4-9361-4EF5-A089-1690ED192046}.Debug|Any CPU.Build.0 = Debug|Any CPU
		{71B524C4-9361-4EF5-A089-1690ED192046}.Release|Any CPU.ActiveCfg = Release|Any CPU
		{71B524C4-9361-4EF5-A089-1690ED192046}.Release|Any CPU.Build.0 = Release|Any CPU
	EndGlobalSection
	GlobalSection(SolutionProperties) = preSolution
		HideSolutionNode = FALSE
	EndGlobalSection
	GlobalSection(ExtensibilityGlobals) = postSolution
		SolutionGuid = {336A0401-A4F0-4A4D-9DED-1C4BECAA668D}
	EndGlobalSection
EndGlobal
